github.com/di-wu/xsd-datetime v1.0.0 h1:vZoGNkbzpBNoc+JyfVLEbutNDNydYV8XwHeV7eUJoxI=
github.com/di-wu/xsd-datetime v1.0.0/go.mod h1:i3iEhrP3WchwseOBeIdW/zxeoleXTOzx1WyDXgdmOww=
github.com/elimity-com/scim v0.0.0-20201127161536-a9839c78b516 h1:eUU79itucz56V7tO24t9B8mZTCOnud/RZMmaiU6PxI4=
github.com/elimity-com/scim v0.0.0-20201127161536-a9839c78b516/go.mod h1:NW7dUnZd8Ed+YHuGqxcvPbdPELzSsi8SFzzXwTUyU6M=
github.com/google/uuid v1.1.2 h1:EVhdT+1Kseyi1/pUmXKaFxYsDNy9RQYkMWRH68J/W7Y=
github.com/google/uuid v1.1.2/go.mod h1:TIyPZe4MgqvfeYDBFedMoGGpEw/LqOeaOT+nhxU+yHo=
github.com/scim2/filter-parser v1.0.0 h1:cZsIcTt2wj/pv75WyO65usXfOqbU5z4zOwzPgMS89wc=
github.com/scim2/filter-parser v1.0.0/go.mod h1:ybpX+9rf7wMUVX53VD5V0NT3jhCpJEAC4bJruwAmwVM=
github.com/scim2/tools/attributes v1.0.0 h1:OGdxnOnay9vSuZhsQB4BFJDXDmo4X8lDg4q++cEIiKg=
github.com/scim2/tools/attributes v1.0.0/go.mod h1:HirRtL4gFwnZAjZbyg33fA0/YAZKyExiTR6ewHhMs9A=
github.com/scim2/tools/generate v0.0.0-20201220200345-054f1027abbb h1:B6EG/6zxuchOxNhQ6Gtu6+yZpqGclMFzlX+qtuDTw/M=
github.com/scim2/tools/generate v0.0.0-20201220200345-054f1027abbb/go.mod h1:d/bDu7e37VZhmyv8azcbiVQ5M4eXIBQRV6qXAMqZ0yg=
github.com/scim2/tools/marshal v1.1.0 h1:LZZuDPCToxP/kZyeh67iwZVvA+y8W936umhYzceheBw=
github.com/scim2/tools/marshal v1.1.0/go.mod h1:FVSaX9azZzJn2Wi75vHqeBorvEYyGGpStFiTlBlPmpQ=
github.com/scim2/tools/schema v1.0.0 h1:BAz6Sj2dzWPyI4CVE/Qg/lHFJw0fthVERcl+aozHRlE=
github.com/scim2/tools/schema v1.0.0/go.mod h1:40hRS0VkXo6o+PusU1B78y/RthyJhRPnjmPpLcF/6as=
