github.com/dave/jennifer v1.4.0 h1:tNJFJmLDVTLu+v05mVZ88RINa3vQqnyyWkTKWYz0CwE=
github.com/dave/jennifer v1.4.0/go.mod h1:fIb+770HOpJ2fmN9EPPKOqm1vMGhB+TwXKMZhrIygKg=
github.com/davecgh/go-spew v1.1.0 h1:ZDRjVQ15GmhC3fiQ8ni8+OwkZQO4DARzQgrnXU1Liz8=
github.com/davecgh/go-spew v1.1.0/go.mod h1:J7Y8YcW2NihsgmVo/mv3lAwl/skON4iLHjSsI+c5H38=
github.com/di-wu/regen v0.0.0-20191224153906-041b1bce4065 h1:Iov2tpNADzF5m/JwT+c1A8u40GmJKpmZp9Sb3jrPIPI=
github.com/di-wu/regen v0.0.0-20191224153906-041b1bce4065/go.mod h1:1AGOmC2ExxkWjWb7bQNwFD2+0PxttZRYlLeUayrARus=
github.com/di-wu/scim-filter-parser v0.0.0-20200731092905-86ddcb7e62bd h1:a5k7fCAnlAbzSFVV5j/aClknO+e08FnmW4zZcnfmHaE=
github.com/di-wu/scim-filter-parser v0.0.0-20200731092905-86ddcb7e62bd/go.mod h1:jrab8v6Ax/lJkC4XLnRQW6RuH+UxXRDL3BrNDg6qdd0=
github.com/di-wu/xsd-datetime v0.0.0-20190813080539-55a8ba70aa69 h1:KlIk21PbvrYUBb2Dv2gsd4VZjYviGgevIadTj9ebExU=
github.com/di-wu/xsd-datetime v0.0.0-20190813080539-55a8ba70aa69/go.mod h1:i3iEhrP3WchwseOBeIdW/zxeoleXTOzx1WyDXgdmOww=
github.com/elimity-com/abnf v0.0.0-20200629115103-a0ffb9d8ab11 h1:Sem8QU8H5NreBRNudj8DTX5zkInxA6TYsGpExzAYzZ4=
github.com/elimity-com/abnf v0.0.0-20200629115103-a0ffb9d8ab11/go.mod h1:mRss6TJGX0tUK3SpSE7hLBxlAPzqvBbrBLk/9ApnmME=
github.com/elimity-com/scim v0.0.0-20200921123204-62729912428c h1:bUfuK044tusE8Yl1oeymsR88LLhxlTshw9/dP1FvzKY=
github.com/elimity-com/scim v0.0.0-20200921123204-62729912428c/go.mod h1:Dp335DumH7sARlmiM2Gubbr4cWi5GrPIaL0i0H92yic=
github.com/google/gofuzz v1.1.0/go.mod h1:dBl0BpW6vV/+mYPU4Po3pmUjxk6FQPldtuIdl/M65Eg=
github.com/pmezard/go-difflib v1.0.0 h1:4DBwDE0NGyQoBHbLQYPwSUPoCMWR5BEzIk/f1lZbAQM=
github.com/pmezard/go-difflib v1.0.0/go.mod h1:iKH77koFhYxTK1pcRnkKkqfTogsbg7gZNVY4sRDYZ/4=
github.com/scim2/test-suite v0.0.0-20200925104701-3d7ffc4b47fd h1:+EvFQwbZ/ueZm2MWTWZ+5ZmD739/7K8Y19t/bM+vbA4=
github.com/scim2/test-suite v0.0.0-20200925104701-3d7ffc4b47fd/go.mod h1:rd+l9o16+UY00dlE+qDS0DwFxEQD1QGQh4PG2XNvdLc=
github.com/scim2/tools v0.0.0-20200925173320-559a9b08fe37 h1:9aLufRk4OVj4qyl7zoowOrqgKvXTv4QI/VqBC+iAQlw=
github.com/scim2/tools v0.0.0-20200925173320-559a9b08fe37/go.mod h1:1LAJxcaJAGEfSF7NIMh07MYHQshU1KMOb+lsk43LL8o=
github.com/scim2/tools v0.0.0-20201004132516-ac35493e15de h1:c31jTpsGdvK0l343oJ/NZdTMAR1QHKXljYKW6Bn9zjk=
github.com/scim2/tools/schema v0.0.0-20201003164346-398b501f3863/go.mod h1:40hRS0VkXo6o+PusU1B78y/RthyJhRPnjmPpLcF/6as=
github.com/scim2/tools/schema v0.0.0-20201004132516-ac35493e15de h1:uYh3zu5v/C68TYIs+apCD+g4YmtCBDtfvrwQHu+Eq6E=
github.com/scim2/tools/schema v0.0.0-20201004132516-ac35493e15de/go.mod h1:40hRS0VkXo6o+PusU1B78y/RthyJhRPnjmPpLcF/6as=
github.com/scim2/tools/structs v0.0.0-20201004132516-ac35493e15de h1:+KTleJ8SDs25DOe+qu7masK+nY/7ftkck9kl1o3gfzY=
github.com/scim2/tools/structs v0.0.0-20201004132516-ac35493e15de/go.mod h1:vNgtTyjEqcDUA1CJ6Itcq5m3ILVSSDL69UmnBwCw3nk=
github.com/stretchr/objx v0.1.0/go.mod h1:HFkY916IF+rwdDfMAkV7OtwuqBVzrE8GR6GFx+wExME=
github.com/stretchr/testify v1.6.0/go.mod h1:6Fq8oRcR53rry900zMqJjRRixrwX3KX962/h/Wwjteg=
github.com/stretchr/testify v1.6.1 h1:hDPOHmpOpP40lSULcqw7IrRb/u7w6RpDC9399XyoNd0=
github.com/stretchr/testify v1.6.1/go.mod h1:6Fq8oRcR53rry900zMqJjRRixrwX3KX962/h/Wwjteg=
golang.org/x/text v0.3.3 h1:cokOdA+Jmi5PJGXLlLllQSgYigAEfHXJAERHVMaCc2k=
golang.org/x/text v0.3.3/go.mod h1:5Zoc/QRtKVWzQhOtBMvqHzDpF6irO9z98xDceosuGiQ=
golang.org/x/tools v0.0.0-20180917221912-90fa682c2a6e/go.mod h1:n7NCudcB/nEzxVGmLbDWY5pfWTLqBcC2KZ6jyYvM4mQ=
gopkg.in/check.v1 v0.0.0-20161208181325-20d25e280405 h1:yhCVgyC4o1eVCa2tZl7eS0r+SDo693bJlVdllGtEeKM=
gopkg.in/check.v1 v0.0.0-20161208181325-20d25e280405/go.mod h1:Co6ibVJAznAaIkqp8huTwlJQCZ016jof/cbN4VW5Yz0=
gopkg.in/yaml.v3 v3.0.0-20200313102051-9f266ea9e77c h1:dUUwHk2QECo/6vqA44rthZ8ie2QXMNeKRTHCNY2nXvo=
gopkg.in/yaml.v3 v3.0.0-20200313102051-9f266ea9e77c/go.mod h1:K4uyk7z7BCEPqu6E+C64Yfv1cQ7kz7rIZviUmN+EgEM=
