github.com/di-wu/xsd-datetime v1.0.0 h1:vZoGNkbzpBNoc+JyfVLEbutNDNydYV8XwHeV7eUJoxI=
github.com/di-wu/xsd-datetime v1.0.0/go.mod h1:i3iEhrP3WchwseOBeIdW/zxeoleXTOzx1WyDXgdmOww=
github.com/elimity-com/scim v0.0.0-20201127161536-a9839c78b516 h1:eUU79itucz56V7tO24t9B8mZTCOnud/RZMmaiU6PxI4=
github.com/elimity-com/scim v0.0.0-20201127161536-a9839c78b516/go.mod h1:NW7dUnZd8Ed+YHuGqxcvPbdPELzSsi8SFzzXwTUyU6M=
github.com/scim2/filter-parser v1.0.0 h1:cZsIcTt2wj/pv75WyO65usXfOqbU5z4zOwzPgMS89wc=
github.com/scim2/filter-parser v1.0.0/go.mod h1:ybpX+9rf7wMUVX53VD5V0NT3jhCpJEAC4bJruwAmwVM=
github.com/scim2/tools/generate v0.0.0-20201104125728-a6a7d38886a9 h1:f05xYLscXDbSHEwJ8NQQQtmzmJkpY1oGjyG7yYmIcLE=
github.com/scim2/tools/generate v0.0.0-20201104125728-a6a7d38886a9/go.mod h1:W+XVBzjJzZ4H/Py0rr/jcAKbrN04kPSK6LQVKFrCilQ=
github.com/scim2/tools/schema v0.0.0-20201003164346-398b501f3863/go.mod h1:40hRS0VkXo6o+PusU1B78y/RthyJhRPnjmPpLcF/6as=
github.com/scim2/tools/schema v0.0.0-20201104125728-a6a7d38886a9 h1:1KP/Jy23J425d/sqIuf/TWUWOffmlduLrK0eksC+sso=
github.com/scim2/tools/schema v0.0.0-20201104125728-a6a7d38886a9/go.mod h1:40hRS0VkXo6o+PusU1B78y/RthyJhRPnjmPpLcF/6as=
